// !$*UTF8*$!
{
	archiveVersion = 1;
	classes = {
	};
	objectVersion = 56;
	objects = {

/* Begin PBXBuildFile section */
		0A3D13B629A88D75000F7DFF /* Translations.swift in Sources */ = {isa = PBXBuildFile; fileRef = 0A3D13B529A88D75000F7DFF /* Translations.swift */; };
		0A3D13B829A8915F000F7DFF /* DataLoad.swift in Sources */ = {isa = PBXBuildFile; fileRef = 0A3D13B729A8915F000F7DFF /* DataLoad.swift */; };
		0A3D13BA29A891BA000F7DFF /* BaseData.plist in Resources */ = {isa = PBXBuildFile; fileRef = 0A3D13B929A891BA000F7DFF /* BaseData.plist */; };
		0A3D13BC29A8B2A0000F7DFF /* ChatController.swift in Sources */ = {isa = PBXBuildFile; fileRef = 0A3D13BB29A8B2A0000F7DFF /* ChatController.swift */; };
		0A3D13BF29A90815000F7DFF /* HotelChatBotTagger 1.mlmodel in Sources */ = {isa = PBXBuildFile; fileRef = 0A3D13BD29A90815000F7DFF /* HotelChatBotTagger 1.mlmodel */; };
		0A3D13C029A90815000F7DFF /* HotelChatbotTextClassifier 1.mlmodel in Sources */ = {isa = PBXBuildFile; fileRef = 0A3D13BE29A90815000F7DFF /* HotelChatbotTextClassifier 1.mlmodel */; };
		0A4BD2ED29A78BF200BB2D01 /* OutputViewGenerator.swift in Sources */ = {isa = PBXBuildFile; fileRef = 0A4BD2EC29A78BF200BB2D01 /* OutputViewGenerator.swift */; };
		0A4BD2F029A7936F00BB2D01 /* preBody.txt in Resources */ = {isa = PBXBuildFile; fileRef = 0A4BD2EE29A78C9400BB2D01 /* preBody.txt */; };
		0A4BD2F129A7936F00BB2D01 /* postBody.txt in Resources */ = {isa = PBXBuildFile; fileRef = 0A4BD2EF29A78CF600BB2D01 /* postBody.txt */; };
		0A4BD2F529A7951500BB2D01 /* GuestSmiley.png in Resources */ = {isa = PBXBuildFile; fileRef = 0A4BD2F329A7951500BB2D01 /* GuestSmiley.png */; };
		0A4BD2F729A7955200BB2D01 /* Zum_taenzelnden_Pony_256.png in Resources */ = {isa = PBXBuildFile; fileRef = 0A4BD2F629A7955200BB2D01 /* Zum_taenzelnden_Pony_256.png */; };
		0A4BD2F929A7AE7700BB2D01 /* HelpViewController.swift in Sources */ = {isa = PBXBuildFile; fileRef = 0A4BD2F829A7AE7700BB2D01 /* HelpViewController.swift */; };
		0A4BD2FB29A7AEDF00BB2D01 /* Localizable.strings in Resources */ = {isa = PBXBuildFile; fileRef = 0A4BD2FA29A7AEDF00BB2D01 /* Localizable.strings */; };
		0A4BD2FD29A7BAE600BB2D01 /* DatastoreController.swift in Sources */ = {isa = PBXBuildFile; fileRef = 0A4BD2FC29A7BAE600BB2D01 /* DatastoreController.swift */; };
		0A4BD2FF29A7BB0A00BB2D01 /* Utilities.swift in Sources */ = {isa = PBXBuildFile; fileRef = 0A4BD2FE29A7BB0A00BB2D01 /* Utilities.swift */; };
		0A7939BD29A4B2F300F7D000 /* AppDelegate.swift in Sources */ = {isa = PBXBuildFile; fileRef = 0A7939BC29A4B2F300F7D000 /* AppDelegate.swift */; };
		0A7939BF29A4B2F300F7D000 /* ViewController.swift in Sources */ = {isa = PBXBuildFile; fileRef = 0A7939BE29A4B2F300F7D000 /* ViewController.swift */; };
		0A7939C129A4B2F300F7D000 /* Assets.xcassets in Resources */ = {isa = PBXBuildFile; fileRef = 0A7939C029A4B2F300F7D000 /* Assets.xcassets */; };
		0A7939C429A4B2F300F7D000 /* Main.storyboard in Resources */ = {isa = PBXBuildFile; fileRef = 0A7939C229A4B2F300F7D000 /* Main.storyboard */; };
		0ABCB69829AA617300B89FA7 /* BookingController.swift in Sources */ = {isa = PBXBuildFile; fileRef = 0ABCB69729AA617300B89FA7 /* BookingController.swift */; };
		0AECEC4F29ABB18E005554D6 /* HotelChatBotTagger 2.mlmodel in Sources */ = {isa = PBXBuildFile; fileRef = 0AECEC4E29ABB18E005554D6 /* HotelChatBotTagger 2.mlmodel */; };
		0AECEC5129ABB376005554D6 /* HotelChatBotTagger 3.mlmodel in Sources */ = {isa = PBXBuildFile; fileRef = 0AECEC5029ABB376005554D6 /* HotelChatBotTagger 3.mlmodel */; };
		0AECEC5329ABB464005554D6 /* HotelChatbotTextClassifier 2.mlmodel in Sources */ = {isa = PBXBuildFile; fileRef = 0AECEC5229ABB464005554D6 /* HotelChatbotTextClassifier 2.mlmodel */; };
		0AECEC5529ABB724005554D6 /* HotelChatbotTextClassifier 3.mlmodel in Sources */ = {isa = PBXBuildFile; fileRef = 0AECEC5429ABB724005554D6 /* HotelChatbotTextClassifier 3.mlmodel */; };
		0AECEC5729ABB7EB005554D6 /* HotelChatbotTextClassifier 4.mlmodel in Sources */ = {isa = PBXBuildFile; fileRef = 0AECEC5629ABB7EB005554D6 /* HotelChatbotTextClassifier 4.mlmodel */; };
		0AFCBF1B29AC854F0056F007 /* ClassifierHelper.swift in Sources */ = {isa = PBXBuildFile; fileRef = 0AFCBF1A29AC854F0056F007 /* ClassifierHelper.swift */; };
		0AFCBF1E29ACA13E0056F007 /* HotelChatbotModel.xcdatamodel in Sources */ = {isa = PBXBuildFile; fileRef = 0AFCBF1D29ACA13E0056F007 /* HotelChatbotModel.xcdatamodel */; };
		0AFCBF2429ACB3860056F007 /* HotelChatBotTagger 4.mlmodel in Sources */ = {isa = PBXBuildFile; fileRef = 0AFCBF2329ACB3860056F007 /* HotelChatBotTagger 4.mlmodel */; };
		0AFCBF2929ACFCDD0056F007 /* Extensions.swift in Sources */ = {isa = PBXBuildFile; fileRef = 0AFCBF2829ACFCDD0056F007 /* Extensions.swift */; };
/* End PBXBuildFile section */

/* Begin PBXFileReference section */
		0A3D13B529A88D75000F7DFF /* Translations.swift */ = {isa = PBXFileReference; lastKnownFileType = sourcecode.swift; path = Translations.swift; sourceTree = "<group>"; };
		0A3D13B729A8915F000F7DFF /* DataLoad.swift */ = {isa = PBXFileReference; lastKnownFileType = sourcecode.swift; path = DataLoad.swift; sourceTree = "<group>"; };
		0A3D13B929A891BA000F7DFF /* BaseData.plist */ = {isa = PBXFileReference; lastKnownFileType = text.plist.xml; path = BaseData.plist; sourceTree = "<group>"; };
		0A3D13BB29A8B2A0000F7DFF /* ChatController.swift */ = {isa = PBXFileReference; lastKnownFileType = sourcecode.swift; path = ChatController.swift; sourceTree = "<group>"; };
		0A3D13BD29A90815000F7DFF /* HotelChatBotTagger 1.mlmodel */ = {isa = PBXFileReference; lastKnownFileType = file.mlmodel; path = "HotelChatBotTagger 1.mlmodel"; sourceTree = "<group>"; };
		0A3D13BE29A90815000F7DFF /* HotelChatbotTextClassifier 1.mlmodel */ = {isa = PBXFileReference; lastKnownFileType = file.mlmodel; path = "HotelChatbotTextClassifier 1.mlmodel"; sourceTree = "<group>"; };
		0A4BD2EC29A78BF200BB2D01 /* OutputViewGenerator.swift */ = {isa = PBXFileReference; lastKnownFileType = sourcecode.swift; path = OutputViewGenerator.swift; sourceTree = "<group>"; };
		0A4BD2EE29A78C9400BB2D01 /* preBody.txt */ = {isa = PBXFileReference; lastKnownFileType = text; path = preBody.txt; sourceTree = "<group>"; };
		0A4BD2EF29A78CF600BB2D01 /* postBody.txt */ = {isa = PBXFileReference; lastKnownFileType = text; path = postBody.txt; sourceTree = "<group>"; };
		0A4BD2F329A7951500BB2D01 /* GuestSmiley.png */ = {isa = PBXFileReference; lastKnownFileType = image.png; path = GuestSmiley.png; sourceTree = "<group>"; };
		0A4BD2F629A7955200BB2D01 /* Zum_taenzelnden_Pony_256.png */ = {isa = PBXFileReference; lastKnownFileType = image.png; path = Zum_taenzelnden_Pony_256.png; sourceTree = "<group>"; };
		0A4BD2F829A7AE7700BB2D01 /* HelpViewController.swift */ = {isa = PBXFileReference; lastKnownFileType = sourcecode.swift; path = HelpViewController.swift; sourceTree = "<group>"; };
		0A4BD2FA29A7AEDF00BB2D01 /* Localizable.strings */ = {isa = PBXFileReference; lastKnownFileType = text.plist.strings; path = Localizable.strings; sourceTree = "<group>"; };
		0A4BD2FC29A7BAE600BB2D01 /* DatastoreController.swift */ = {isa = PBXFileReference; fileEncoding = 4; lastKnownFileType = sourcecode.swift; path = DatastoreController.swift; sourceTree = "<group>"; };
		0A4BD2FE29A7BB0A00BB2D01 /* Utilities.swift */ = {isa = PBXFileReference; fileEncoding = 4; lastKnownFileType = sourcecode.swift; path = Utilities.swift; sourceTree = "<group>"; };
		0A7939B929A4B2F300F7D000 /* HotelChatBot.app */ = {isa = PBXFileReference; explicitFileType = wrapper.application; includeInIndex = 0; path = HotelChatBot.app; sourceTree = BUILT_PRODUCTS_DIR; };
		0A7939BC29A4B2F300F7D000 /* AppDelegate.swift */ = {isa = PBXFileReference; lastKnownFileType = sourcecode.swift; path = AppDelegate.swift; sourceTree = "<group>"; };
		0A7939BE29A4B2F300F7D000 /* ViewController.swift */ = {isa = PBXFileReference; lastKnownFileType = sourcecode.swift; path = ViewController.swift; sourceTree = "<group>"; };
		0A7939C029A4B2F300F7D000 /* Assets.xcassets */ = {isa = PBXFileReference; lastKnownFileType = folder.assetcatalog; path = Assets.xcassets; sourceTree = "<group>"; };
		0A7939C329A4B2F300F7D000 /* Base */ = {isa = PBXFileReference; lastKnownFileType = file.storyboard; name = Base; path = Base.lproj/Main.storyboard; sourceTree = "<group>"; };
		0A7939C529A4B2F300F7D000 /* HotelChatBot.entitlements */ = {isa = PBXFileReference; lastKnownFileType = text.plist.entitlements; path = HotelChatBot.entitlements; sourceTree = "<group>"; };
		0ABCB69729AA617300B89FA7 /* BookingController.swift */ = {isa = PBXFileReference; lastKnownFileType = sourcecode.swift; path = BookingController.swift; sourceTree = "<group>"; };
		0AECEC4E29ABB18E005554D6 /* HotelChatBotTagger 2.mlmodel */ = {isa = PBXFileReference; lastKnownFileType = file.mlmodel; path = "HotelChatBotTagger 2.mlmodel"; sourceTree = "<group>"; };
		0AECEC5029ABB376005554D6 /* HotelChatBotTagger 3.mlmodel */ = {isa = PBXFileReference; lastKnownFileType = file.mlmodel; path = "HotelChatBotTagger 3.mlmodel"; sourceTree = "<group>"; };
		0AECEC5229ABB464005554D6 /* HotelChatbotTextClassifier 2.mlmodel */ = {isa = PBXFileReference; lastKnownFileType = file.mlmodel; path = "HotelChatbotTextClassifier 2.mlmodel"; sourceTree = "<group>"; };
		0AECEC5429ABB724005554D6 /* HotelChatbotTextClassifier 3.mlmodel */ = {isa = PBXFileReference; lastKnownFileType = file.mlmodel; path = "HotelChatbotTextClassifier 3.mlmodel"; sourceTree = "<group>"; };
		0AECEC5629ABB7EB005554D6 /* HotelChatbotTextClassifier 4.mlmodel */ = {isa = PBXFileReference; lastKnownFileType = file.mlmodel; path = "HotelChatbotTextClassifier 4.mlmodel"; sourceTree = "<group>"; };
		0AFCBF1A29AC854F0056F007 /* ClassifierHelper.swift */ = {isa = PBXFileReference; lastKnownFileType = sourcecode.swift; path = ClassifierHelper.swift; sourceTree = "<group>"; };
		0AFCBF1D29ACA13E0056F007 /* HotelChatbotModel.xcdatamodel */ = {isa = PBXFileReference; lastKnownFileType = wrapper.xcdatamodel; name = HotelChatbotModel.xcdatamodel; path = HotelChatbotModel.xcdatamodeld/HotelChatbotModel.xcdatamodel; sourceTree = "<group>"; };
		0AFCBF2329ACB3860056F007 /* HotelChatBotTagger 4.mlmodel */ = {isa = PBXFileReference; lastKnownFileType = file.mlmodel; path = "HotelChatBotTagger 4.mlmodel"; sourceTree = "<group>"; };
		0AFCBF2729ACF71A0056F007 /* BookingHtmlStyle.txt */ = {isa = PBXFileReference; lastKnownFileType = text; path = BookingHtmlStyle.txt; sourceTree = "<group>"; };
		0AFCBF2829ACFCDD0056F007 /* Extensions.swift */ = {isa = PBXFileReference; lastKnownFileType = sourcecode.swift; path = Extensions.swift; sourceTree = "<group>"; };
/* End PBXFileReference section */

/* Begin PBXFrameworksBuildPhase section */
		0A7939B629A4B2F300F7D000 /* Frameworks */ = {
			isa = PBXFrameworksBuildPhase;
			buildActionMask = 2147483647;
			files = (
			);
			runOnlyForDeploymentPostprocessing = 0;
		};
/* End PBXFrameworksBuildPhase section */

/* Begin PBXGroup section */
		0A7939B029A4B2F200F7D000 = {
			isa = PBXGroup;
			children = (
				0A7939BB29A4B2F300F7D000 /* HotelChatBot */,
				0A7939BA29A4B2F300F7D000 /* Products */,
			);
			sourceTree = "<group>";
		};
		0A7939BA29A4B2F300F7D000 /* Products */ = {
			isa = PBXGroup;
			children = (
				0A7939B929A4B2F300F7D000 /* HotelChatBot.app */,
			);
			name = Products;
			sourceTree = "<group>";
		};
		0A7939BB29A4B2F300F7D000 /* HotelChatBot */ = {
			isa = PBXGroup;
			children = (
				0AFCBF2829ACFCDD0056F007 /* Extensions.swift */,
				0A7939BC29A4B2F300F7D000 /* AppDelegate.swift */,
				0A7939BE29A4B2F300F7D000 /* ViewController.swift */,
				0A3D13BB29A8B2A0000F7DFF /* ChatController.swift */,
				0ABCB69729AA617300B89FA7 /* BookingController.swift */,
				0A7939C029A4B2F300F7D000 /* Assets.xcassets */,
				0A7939C229A4B2F300F7D000 /* Main.storyboard */,
				0A7939C529A4B2F300F7D000 /* HotelChatBot.entitlements */,
				0AFCBF1D29ACA13E0056F007 /* HotelChatbotModel.xcdatamodel */,
				0A4BD2FA29A7AEDF00BB2D01 /* Localizable.strings */,
				0A4BD2EC29A78BF200BB2D01 /* OutputViewGenerator.swift */,
				0A4BD2EE29A78C9400BB2D01 /* preBody.txt */,
				0A4BD2EF29A78CF600BB2D01 /* postBody.txt */,
				0AFCBF2729ACF71A0056F007 /* BookingHtmlStyle.txt */,
				0A4BD2F329A7951500BB2D01 /* GuestSmiley.png */,
				0A4BD2F629A7955200BB2D01 /* Zum_taenzelnden_Pony_256.png */,
				0A4BD2F829A7AE7700BB2D01 /* HelpViewController.swift */,
				0A4BD2FC29A7BAE600BB2D01 /* DatastoreController.swift */,
				0A3D13B729A8915F000F7DFF /* DataLoad.swift */,
				0A3D13B929A891BA000F7DFF /* BaseData.plist */,
				0A4BD2FE29A7BB0A00BB2D01 /* Utilities.swift */,
				0A3D13B529A88D75000F7DFF /* Translations.swift */,
				0AFCBF1A29AC854F0056F007 /* ClassifierHelper.swift */,
				0A3D13BD29A90815000F7DFF /* HotelChatBotTagger 1.mlmodel */,
				0A3D13BE29A90815000F7DFF /* HotelChatbotTextClassifier 1.mlmodel */,
				0AECEC4E29ABB18E005554D6 /* HotelChatBotTagger 2.mlmodel */,
				0AECEC5029ABB376005554D6 /* HotelChatBotTagger 3.mlmodel */,
				0AECEC5229ABB464005554D6 /* HotelChatbotTextClassifier 2.mlmodel */,
				0AECEC5429ABB724005554D6 /* HotelChatbotTextClassifier 3.mlmodel */,
				0AECEC5629ABB7EB005554D6 /* HotelChatbotTextClassifier 4.mlmodel */,
				0AFCBF2329ACB3860056F007 /* HotelChatBotTagger 4.mlmodel */,
			);
			path = HotelChatBot;
			sourceTree = "<group>";
		};
/* End PBXGroup section */

/* Begin PBXNativeTarget section */
		0A7939B829A4B2F300F7D000 /* HotelChatBot */ = {
			isa = PBXNativeTarget;
			buildConfigurationList = 0A7939C829A4B2F300F7D000 /* Build configuration list for PBXNativeTarget "HotelChatBot" */;
			buildPhases = (
				0A7939B529A4B2F300F7D000 /* Sources */,
				0A7939B629A4B2F300F7D000 /* Frameworks */,
				0A7939B729A4B2F300F7D000 /* Resources */,
				0A0F56B929AD017800696CAF /* Set build number */,
			);
			buildRules = (
			);
			dependencies = (
			);
			name = HotelChatBot;
			productName = HotelChatBot;
			productReference = 0A7939B929A4B2F300F7D000 /* HotelChatBot.app */;
			productType = "com.apple.product-type.application";
		};
/* End PBXNativeTarget section */

/* Begin PBXProject section */
		0A7939B129A4B2F200F7D000 /* Project object */ = {
			isa = PBXProject;
			attributes = {
				BuildIndependentTargetsInParallel = 1;
				LastSwiftUpdateCheck = 1420;
				LastUpgradeCheck = 1420;
				TargetAttributes = {
					0A7939B829A4B2F300F7D000 = {
						CreatedOnToolsVersion = 14.2;
					};
				};
			};
			buildConfigurationList = 0A7939B429A4B2F200F7D000 /* Build configuration list for PBXProject "HotelChatBot" */;
			compatibilityVersion = "Xcode 14.0";
			developmentRegion = en;
			hasScannedForEncodings = 0;
			knownRegions = (
				en,
				Base,
			);
			mainGroup = 0A7939B029A4B2F200F7D000;
			productRefGroup = 0A7939BA29A4B2F300F7D000 /* Products */;
			projectDirPath = "";
			projectRoot = "";
			targets = (
				0A7939B829A4B2F300F7D000 /* HotelChatBot */,
			);
		};
/* End PBXProject section */

/* Begin PBXResourcesBuildPhase section */
		0A7939B729A4B2F300F7D000 /* Resources */ = {
			isa = PBXResourcesBuildPhase;
			buildActionMask = 2147483647;
			files = (
				0A4BD2F029A7936F00BB2D01 /* preBody.txt in Resources */,
				0A4BD2F129A7936F00BB2D01 /* postBody.txt in Resources */,
				0A7939C129A4B2F300F7D000 /* Assets.xcassets in Resources */,
				0A4BD2FB29A7AEDF00BB2D01 /* Localizable.strings in Resources */,
				0A4BD2F529A7951500BB2D01 /* GuestSmiley.png in Resources */,
				0A3D13BA29A891BA000F7DFF /* BaseData.plist in Resources */,
				0A7939C429A4B2F300F7D000 /* Main.storyboard in Resources */,
				0A4BD2F729A7955200BB2D01 /* Zum_taenzelnden_Pony_256.png in Resources */,
			);
			runOnlyForDeploymentPostprocessing = 0;
		};
/* End PBXResourcesBuildPhase section */

/* Begin PBXShellScriptBuildPhase section */
		0A0F56B929AD017800696CAF /* Set build number */ = {
			isa = PBXShellScriptBuildPhase;
			buildActionMask = 2147483647;
			files = (
			);
			inputFileListPaths = (
			);
			inputPaths = (
			);
			name = "Set build number";
			outputFileListPaths = (
			);
			outputPaths = (
			);
			runOnlyForDeploymentPostprocessing = 0;
			shellPath = /bin/sh;
			shellScript = "# Type a script or drag a script file from your workspace to insert its path.\n\"$SRCROOT/Scripts/set_build_number.sh\"\n";
		};
/* End PBXShellScriptBuildPhase section */

/* Begin PBXSourcesBuildPhase section */
		0A7939B529A4B2F300F7D000 /* Sources */ = {
			isa = PBXSourcesBuildPhase;
			buildActionMask = 2147483647;
			files = (
				0A4BD2F929A7AE7700BB2D01 /* HelpViewController.swift in Sources */,
				0A3D13BF29A90815000F7DFF /* HotelChatBotTagger 1.mlmodel in Sources */,
				0A3D13B829A8915F000F7DFF /* DataLoad.swift in Sources */,
				0AECEC4F29ABB18E005554D6 /* HotelChatBotTagger 2.mlmodel in Sources */,
				0A4BD2ED29A78BF200BB2D01 /* OutputViewGenerator.swift in Sources */,
				0AFCBF1B29AC854F0056F007 /* ClassifierHelper.swift in Sources */,
				0A7939BF29A4B2F300F7D000 /* ViewController.swift in Sources */,
				0AFCBF1E29ACA13E0056F007 /* HotelChatbotModel.xcdatamodel in Sources */,
				0AECEC5529ABB724005554D6 /* HotelChatbotTextClassifier 3.mlmodel in Sources */,
				0A7939BD29A4B2F300F7D000 /* AppDelegate.swift in Sources */,
				0A4BD2FF29A7BB0A00BB2D01 /* Utilities.swift in Sources */,
				0AECEC5729ABB7EB005554D6 /* HotelChatbotTextClassifier 4.mlmodel in Sources */,
				0AECEC5129ABB376005554D6 /* HotelChatBotTagger 3.mlmodel in Sources */,
				0AFCBF2929ACFCDD0056F007 /* Extensions.swift in Sources */,
				0AECEC5329ABB464005554D6 /* HotelChatbotTextClassifier 2.mlmodel in Sources */,
				0A3D13C029A90815000F7DFF /* HotelChatbotTextClassifier 1.mlmodel in Sources */,
				0AFCBF2429ACB3860056F007 /* HotelChatBotTagger 4.mlmodel in Sources */,
				0A4BD2FD29A7BAE600BB2D01 /* DatastoreController.swift in Sources */,
				0A3D13B629A88D75000F7DFF /* Translations.swift in Sources */,
				0ABCB69829AA617300B89FA7 /* BookingController.swift in Sources */,
				0A3D13BC29A8B2A0000F7DFF /* ChatController.swift in Sources */,
			);
			runOnlyForDeploymentPostprocessing = 0;
		};
/* End PBXSourcesBuildPhase section */

/* Begin PBXVariantGroup section */
		0A7939C229A4B2F300F7D000 /* Main.storyboard */ = {
			isa = PBXVariantGroup;
			children = (
				0A7939C329A4B2F300F7D000 /* Base */,
			);
			name = Main.storyboard;
			sourceTree = "<group>";
		};
/* End PBXVariantGroup section */

/* Begin XCBuildConfiguration section */
		0A7939C629A4B2F300F7D000 /* Debug */ = {
			isa = XCBuildConfiguration;
			buildSettings = {
				ALWAYS_SEARCH_USER_PATHS = NO;
				CLANG_ANALYZER_NONNULL = YES;
				CLANG_ANALYZER_NUMBER_OBJECT_CONVERSION = YES_AGGRESSIVE;
				CLANG_CXX_LANGUAGE_STANDARD = "gnu++20";
				CLANG_ENABLE_MODULES = YES;
				CLANG_ENABLE_OBJC_ARC = YES;
				CLANG_ENABLE_OBJC_WEAK = YES;
				CLANG_WARN_BLOCK_CAPTURE_AUTORELEASING = YES;
				CLANG_WARN_BOOL_CONVERSION = YES;
				CLANG_WARN_COMMA = YES;
				CLANG_WARN_CONSTANT_CONVERSION = YES;
				CLANG_WARN_DEPRECATED_OBJC_IMPLEMENTATIONS = YES;
				CLANG_WARN_DIRECT_OBJC_ISA_USAGE = YES_ERROR;
				CLANG_WARN_DOCUMENTATION_COMMENTS = YES;
				CLANG_WARN_EMPTY_BODY = YES;
				CLANG_WARN_ENUM_CONVERSION = YES;
				CLANG_WARN_INFINITE_RECURSION = YES;
				CLANG_WARN_INT_CONVERSION = YES;
				CLANG_WARN_NON_LITERAL_NULL_CONVERSION = YES;
				CLANG_WARN_OBJC_IMPLICIT_RETAIN_SELF = YES;
				CLANG_WARN_OBJC_LITERAL_CONVERSION = YES;
				CLANG_WARN_OBJC_ROOT_CLASS = YES_ERROR;
				CLANG_WARN_QUOTED_INCLUDE_IN_FRAMEWORK_HEADER = YES;
				CLANG_WARN_RANGE_LOOP_ANALYSIS = YES;
				CLANG_WARN_STRICT_PROTOTYPES = YES;
				CLANG_WARN_SUSPICIOUS_MOVE = YES;
				CLANG_WARN_UNGUARDED_AVAILABILITY = YES_AGGRESSIVE;
				CLANG_WARN_UNREACHABLE_CODE = YES;
				CLANG_WARN__DUPLICATE_METHOD_MATCH = YES;
				COPY_PHASE_STRIP = NO;
				DEBUG_INFORMATION_FORMAT = dwarf;
				ENABLE_STRICT_OBJC_MSGSEND = YES;
				ENABLE_TESTABILITY = YES;
				GCC_C_LANGUAGE_STANDARD = gnu11;
				GCC_DYNAMIC_NO_PIC = NO;
				GCC_NO_COMMON_BLOCKS = YES;
				GCC_OPTIMIZATION_LEVEL = 0;
				GCC_PREPROCESSOR_DEFINITIONS = (
					"DEBUG=1",
					"$(inherited)",
				);
				GCC_WARN_64_TO_32_BIT_CONVERSION = YES;
				GCC_WARN_ABOUT_RETURN_TYPE = YES_ERROR;
				GCC_WARN_UNDECLARED_SELECTOR = YES;
				GCC_WARN_UNINITIALIZED_AUTOS = YES_AGGRESSIVE;
				GCC_WARN_UNUSED_FUNCTION = YES;
				GCC_WARN_UNUSED_VARIABLE = YES;
				MACOSX_DEPLOYMENT_TARGET = 13.1;
				MTL_ENABLE_DEBUG_INFO = INCLUDE_SOURCE;
				MTL_FAST_MATH = YES;
				ONLY_ACTIVE_ARCH = YES;
				SDKROOT = macosx;
				SWIFT_ACTIVE_COMPILATION_CONDITIONS = DEBUG;
				SWIFT_OPTIMIZATION_LEVEL = "-Onone";
			};
			name = Debug;
		};
		0A7939C729A4B2F300F7D000 /* Release */ = {
			isa = XCBuildConfiguration;
			buildSettings = {
				ALWAYS_SEARCH_USER_PATHS = NO;
				CLANG_ANALYZER_NONNULL = YES;
				CLANG_ANALYZER_NUMBER_OBJECT_CONVERSION = YES_AGGRESSIVE;
				CLANG_CXX_LANGUAGE_STANDARD = "gnu++20";
				CLANG_ENABLE_MODULES = YES;
				CLANG_ENABLE_OBJC_ARC = YES;
				CLANG_ENABLE_OBJC_WEAK = YES;
				CLANG_WARN_BLOCK_CAPTURE_AUTORELEASING = YES;
				CLANG_WARN_BOOL_CONVERSION = YES;
				CLANG_WARN_COMMA = YES;
				CLANG_WARN_CONSTANT_CONVERSION = YES;
				CLANG_WARN_DEPRECATED_OBJC_IMPLEMENTATIONS = YES;
				CLANG_WARN_DIRECT_OBJC_ISA_USAGE = YES_ERROR;
				CLANG_WARN_DOCUMENTATION_COMMENTS = YES;
				CLANG_WARN_EMPTY_BODY = YES;
				CLANG_WARN_ENUM_CONVERSION = YES;
				CLANG_WARN_INFINITE_RECURSION = YES;
				CLANG_WARN_INT_CONVERSION = YES;
				CLANG_WARN_NON_LITERAL_NULL_CONVERSION = YES;
				CLANG_WARN_OBJC_IMPLICIT_RETAIN_SELF = YES;
				CLANG_WARN_OBJC_LITERAL_CONVERSION = YES;
				CLANG_WARN_OBJC_ROOT_CLASS = YES_ERROR;
				CLANG_WARN_QUOTED_INCLUDE_IN_FRAMEWORK_HEADER = YES;
				CLANG_WARN_RANGE_LOOP_ANALYSIS = YES;
				CLANG_WARN_STRICT_PROTOTYPES = YES;
				CLANG_WARN_SUSPICIOUS_MOVE = YES;
				CLANG_WARN_UNGUARDED_AVAILABILITY = YES_AGGRESSIVE;
				CLANG_WARN_UNREACHABLE_CODE = YES;
				CLANG_WARN__DUPLICATE_METHOD_MATCH = YES;
				COPY_PHASE_STRIP = NO;
				DEBUG_INFORMATION_FORMAT = "dwarf-with-dsym";
				ENABLE_NS_ASSERTIONS = NO;
				ENABLE_STRICT_OBJC_MSGSEND = YES;
				GCC_C_LANGUAGE_STANDARD = gnu11;
				GCC_NO_COMMON_BLOCKS = YES;
				GCC_WARN_64_TO_32_BIT_CONVERSION = YES;
				GCC_WARN_ABOUT_RETURN_TYPE = YES_ERROR;
				GCC_WARN_UNDECLARED_SELECTOR = YES;
				GCC_WARN_UNINITIALIZED_AUTOS = YES_AGGRESSIVE;
				GCC_WARN_UNUSED_FUNCTION = YES;
				GCC_WARN_UNUSED_VARIABLE = YES;
				MACOSX_DEPLOYMENT_TARGET = 13.1;
				MTL_ENABLE_DEBUG_INFO = NO;
				MTL_FAST_MATH = YES;
				SDKROOT = macosx;
				SWIFT_COMPILATION_MODE = wholemodule;
				SWIFT_OPTIMIZATION_LEVEL = "-O";
			};
			name = Release;
		};
		0A7939C929A4B2F300F7D000 /* Debug */ = {
			isa = XCBuildConfiguration;
			buildSettings = {
				ASSETCATALOG_COMPILER_APPICON_NAME = AppIcon;
				ASSETCATALOG_COMPILER_GLOBAL_ACCENT_COLOR_NAME = AccentColor;
				CODE_SIGN_ENTITLEMENTS = HotelChatBot/HotelChatBot.entitlements;
				CODE_SIGN_STYLE = Automatic;
				COMBINE_HIDPI_IMAGES = YES;
				CURRENT_PROJECT_VERSION = 1;
				DEVELOPMENT_TEAM = 4T94X39CBV;
				ENABLE_HARDENED_RUNTIME = YES;
				GENERATE_INFOPLIST_FILE = YES;
				INFOPLIST_KEY_NSHumanReadableCopyright = "";
				INFOPLIST_KEY_NSMainStoryboardFile = Main;
				INFOPLIST_KEY_NSPrincipalClass = NSApplication;
				LD_RUNPATH_SEARCH_PATHS = (
					"$(inherited)",
					"@executable_path/../Frameworks",
				);
				MARKETING_VERSION = 1.0;
				PRODUCT_BUNDLE_IDENTIFIER = org.luenstedt.HotelChatBot;
				PRODUCT_NAME = "$(TARGET_NAME)";
				SWIFT_EMIT_LOC_STRINGS = YES;
				SWIFT_VERSION = 5.0;
			};
			name = Debug;
		};
		0A7939CA29A4B2F300F7D000 /* Release */ = {
			isa = XCBuildConfiguration;
			buildSettings = {
				ASSETCATALOG_COMPILER_APPICON_NAME = AppIcon;
				ASSETCATALOG_COMPILER_GLOBAL_ACCENT_COLOR_NAME = AccentColor;
				CODE_SIGN_ENTITLEMENTS = HotelChatBot/HotelChatBot.entitlements;
				CODE_SIGN_STYLE = Automatic;
				COMBINE_HIDPI_IMAGES = YES;
				CURRENT_PROJECT_VERSION = 1;
				DEVELOPMENT_TEAM = 4T94X39CBV;
				ENABLE_HARDENED_RUNTIME = YES;
				GENERATE_INFOPLIST_FILE = YES;
				INFOPLIST_KEY_NSHumanReadableCopyright = "";
				INFOPLIST_KEY_NSMainStoryboardFile = Main;
				INFOPLIST_KEY_NSPrincipalClass = NSApplication;
				LD_RUNPATH_SEARCH_PATHS = (
					"$(inherited)",
					"@executable_path/../Frameworks",
				);
				MARKETING_VERSION = 1.0;
				PRODUCT_BUNDLE_IDENTIFIER = org.luenstedt.HotelChatBot;
				PRODUCT_NAME = "$(TARGET_NAME)";
				SWIFT_EMIT_LOC_STRINGS = YES;
				SWIFT_VERSION = 5.0;
			};
			name = Release;
		};
/* End XCBuildConfiguration section */

/* Begin XCConfigurationList section */
		0A7939B429A4B2F200F7D000 /* Build configuration list for PBXProject "HotelChatBot" */ = {
			isa = XCConfigurationList;
			buildConfigurations = (
				0A7939C629A4B2F300F7D000 /* Debug */,
				0A7939C729A4B2F300F7D000 /* Release */,
			);
			defaultConfigurationIsVisible = 0;
			defaultConfigurationName = Release;
		};
		0A7939C829A4B2F300F7D000 /* Build configuration list for PBXNativeTarget "HotelChatBot" */ = {
			isa = XCConfigurationList;
			buildConfigurations = (
				0A7939C929A4B2F300F7D000 /* Debug */,
				0A7939CA29A4B2F300F7D000 /* Release */,
			);
			defaultConfigurationIsVisible = 0;
			defaultConfigurationName = Release;
		};
/* End XCConfigurationList section */
	};
	rootObject = 0A7939B129A4B2F200F7D000 /* Project object */;
}
